
Microsoft Visual Studio Solution File, Format Version 12.00
# Visual Studio Version 17
VisualStudioVersion = 17.5.33627.172
MinimumVisualStudioVersion = 10.0.40219.1
Project("{9A19103F-16F7-4668-BE54-9A1E7A4F7556}") = "Propotipo Index y Carrera", "Propotipo Index y Carrera.csproj", "{685CD6EE-023F-42E8-91DF-86A0F358EE72}"
EndProject
Global
	GlobalSection(SolutionConfigurationPlatforms) = preSolution
		Debug|Any CPU = Debug|Any CPU
		Release|Any CPU = Release|Any CPU
	EndGlobalSection
	GlobalSection(ProjectConfigurationPlatforms) = postSolution
		{685CD6EE-023F-42E8-91DF-86A0F358EE72}.Debug|Any CPU.ActiveCfg = Debug|Any CPU
		{685CD6EE-023F-42E8-91DF-86A0F358EE72}.Debug|Any CPU.Build.0 = Debug|Any CPU
		{685CD6EE-023F-42E8-91DF-86A0F358EE72}.Release|Any CPU.ActiveCfg = Release|Any CPU
		{685CD6EE-023F-42E8-91DF-86A0F358EE72}.Release|Any CPU.Build.0 = Release|Any CPU
	EndGlobalSection
	GlobalSection(SolutionProperties) = preSolution
		HideSolutionNode = FALSE
	EndGlobalSection
	GlobalSection(ExtensibilityGlobals) = postSolution
		SolutionGuid = {EB3BD119-96FD-4A44-9BB8-02820091B796}
	EndGlobalSection
EndGlobal
